
Microsoft Visual Studio Solution File, Format Version 12.00
# Visual Studio Version 17
VisualStudioVersion = 17.5.002.0
MinimumVisualStudioVersion = 10.0.40219.1
Project("{9A19103F-16F7-4668-BE54-9A1E7A4F7556}") = "Module4Challenge", "Module4Challenge\Module4Challenge.csproj", "{96E3A4F2-DC6B-4499-B8E7-458B19D5D353}"
EndProject
Global
	GlobalSection(SolutionConfigurationPlatforms) = preSolution
		Debug|Any CPU = Debug|Any CPU
		Release|Any CPU = Release|Any CPU
	EndGlobalSection
	GlobalSection(ProjectConfigurationPlatforms) = postSolution
		{96E3A4F2-DC6B-4499-B8E7-458B19D5D353}.Debug|Any CPU.ActiveCfg = Debug|Any CPU
		{96E3A4F2-DC6B-4499-B8E7-458B19D5D353}.Debug|Any CPU.Build.0 = Debug|Any CPU
		{96E3A4F2-DC6B-4499-B8E7-458B19D5D353}.Release|Any CPU.ActiveCfg = Release|Any CPU
		{96E3A4F2-DC6B-4499-B8E7-458B19D5D353}.Release|Any CPU.Build.0 = Release|Any CPU
	EndGlobalSection
	GlobalSection(SolutionProperties) = preSolution
		HideSolutionNode = FALSE
	EndGlobalSection
	GlobalSection(ExtensibilityGlobals) = postSolution
		SolutionGuid = {471136B6-A193-4529-BD45-CCD90DA6BB13}
	EndGlobalSection
EndGlobal
